
Microsoft Visual Studio Solution File, Format Version 12.00
# Visual Studio Version 17
VisualStudioVersion = 17.7.34202.233
MinimumVisualStudioVersion = 10.0.40219.1
Project("{FAE04EC0-301F-11D3-BF4B-00C04F79EFBC}") = "HTML_Serializer", "HTML_Serializer.csproj", "{01B84DF6-84A7-475B-A09F-1F2627E16F73}"
EndProject
Global
	GlobalSection(SolutionConfigurationPlatforms) = preSolution
		Debug|Any CPU = Debug|Any CPU
		Release|Any CPU = Release|Any CPU
	EndGlobalSection
	GlobalSection(ProjectConfigurationPlatforms) = postSolution
		{01B84DF6-84A7-475B-A09F-1F2627E16F73}.Debug|Any CPU.ActiveCfg = Debug|Any CPU
		{01B84DF6-84A7-475B-A09F-1F2627E16F73}.Debug|Any CPU.Build.0 = Debug|Any CPU
		{01B84DF6-84A7-475B-A09F-1F2627E16F73}.Release|Any CPU.ActiveCfg = Release|Any CPU
		{01B84DF6-84A7-475B-A09F-1F2627E16F73}.Release|Any CPU.Build.0 = Release|Any CPU
	EndGlobalSection
	GlobalSection(SolutionProperties) = preSolution
		HideSolutionNode = FALSE
	EndGlobalSection
	GlobalSection(ExtensibilityGlobals) = postSolution
		SolutionGuid = {06D19B85-3945-4BF8-B3FA-BA966F236054}
	EndGlobalSection
EndGlobal
